// !$*UTF8*$!
{
	archiveVersion = 1;
	classes = {
	};
	objectVersion = 50;
	objects = {

/* Begin PBXBuildFile section */
		4FAC127C25D98A6F00BAB33D /* AppDelegate.swift in Sources */ = {isa = PBXBuildFile; fileRef = 4FAC127B25D98A6F00BAB33D /* AppDelegate.swift */; };
		4FAC127E25D98A6F00BAB33D /* SceneDelegate.swift in Sources */ = {isa = PBXBuildFile; fileRef = 4FAC127D25D98A6F00BAB33D /* SceneDelegate.swift */; };
		4FAC128025D98A6F00BAB33D /* ViewController.swift in Sources */ = {isa = PBXBuildFile; fileRef = 4FAC127F25D98A6F00BAB33D /* ViewController.swift */; };
		4FAC128325D98A6F00BAB33D /* Main.storyboard in Resources */ = {isa = PBXBuildFile; fileRef = 4FAC128125D98A6F00BAB33D /* Main.storyboard */; };
		4FAC128525D98A7000BAB33D /* Assets.xcassets in Resources */ = {isa = PBXBuildFile; fileRef = 4FAC128425D98A7000BAB33D /* Assets.xcassets */; };
		4FAC128825D98A7000BAB33D /* LaunchScreen.storyboard in Resources */ = {isa = PBXBuildFile; fileRef = 4FAC128625D98A7000BAB33D /* LaunchScreen.storyboard */; };
		4FAC129925D98C7A00BAB33D /* MainTabController.swift in Sources */ = {isa = PBXBuildFile; fileRef = 4FAC129825D98C7A00BAB33D /* MainTabController.swift */; };
		4FAC129C25DC7C3400BAB33D /* FeedController.swift in Sources */ = {isa = PBXBuildFile; fileRef = 4FAC129B25DC7C3400BAB33D /* FeedController.swift */; };
		4FAC129F25DC7C4600BAB33D /* SearchController.swift in Sources */ = {isa = PBXBuildFile; fileRef = 4FAC129E25DC7C4600BAB33D /* SearchController.swift */; };
		4FAC12A225DC7C5900BAB33D /* ImageUploadController.swift in Sources */ = {isa = PBXBuildFile; fileRef = 4FAC12A125DC7C5900BAB33D /* ImageUploadController.swift */; };
		4FAC12A525DC7C6C00BAB33D /* NotificationController.swift in Sources */ = {isa = PBXBuildFile; fileRef = 4FAC12A425DC7C6C00BAB33D /* NotificationController.swift */; };
		4FAC12A825DC7C7D00BAB33D /* ProfileController.swift in Sources */ = {isa = PBXBuildFile; fileRef = 4FAC12A725DC7C7D00BAB33D /* ProfileController.swift */; };
		4FAC12AB25DC8D5100BAB33D /* FeedCell.swift in Sources */ = {isa = PBXBuildFile; fileRef = 4FAC12AA25DC8D5100BAB33D /* FeedCell.swift */; };
		4FAC12AE25DC8F1300BAB33D /* Extensions.swift in Sources */ = {isa = PBXBuildFile; fileRef = 4FAC12AD25DC8F1300BAB33D /* Extensions.swift */; };
/* End PBXBuildFile section */

/* Begin PBXFileReference section */
		4FAC127825D98A6F00BAB33D /* InstagramFirestoreApp.app */ = {isa = PBXFileReference; explicitFileType = wrapper.application; includeInIndex = 0; path = InstagramFirestoreApp.app; sourceTree = BUILT_PRODUCTS_DIR; };
		4FAC127B25D98A6F00BAB33D /* AppDelegate.swift */ = {isa = PBXFileReference; lastKnownFileType = sourcecode.swift; path = AppDelegate.swift; sourceTree = "<group>"; };
		4FAC127D25D98A6F00BAB33D /* SceneDelegate.swift */ = {isa = PBXFileReference; lastKnownFileType = sourcecode.swift; path = SceneDelegate.swift; sourceTree = "<group>"; };
		4FAC127F25D98A6F00BAB33D /* ViewController.swift */ = {isa = PBXFileReference; lastKnownFileType = sourcecode.swift; path = ViewController.swift; sourceTree = "<group>"; };
		4FAC128225D98A6F00BAB33D /* Base */ = {isa = PBXFileReference; lastKnownFileType = file.storyboard; name = Base; path = Base.lproj/Main.storyboard; sourceTree = "<group>"; };
		4FAC128425D98A7000BAB33D /* Assets.xcassets */ = {isa = PBXFileReference; lastKnownFileType = folder.assetcatalog; path = Assets.xcassets; sourceTree = "<group>"; };
		4FAC128725D98A7000BAB33D /* Base */ = {isa = PBXFileReference; lastKnownFileType = file.storyboard; name = Base; path = Base.lproj/LaunchScreen.storyboard; sourceTree = "<group>"; };
		4FAC128925D98A7000BAB33D /* Info.plist */ = {isa = PBXFileReference; lastKnownFileType = text.plist.xml; path = Info.plist; sourceTree = "<group>"; };
		4FAC129825D98C7A00BAB33D /* MainTabController.swift */ = {isa = PBXFileReference; lastKnownFileType = sourcecode.swift; path = MainTabController.swift; sourceTree = "<group>"; };
		4FAC129B25DC7C3400BAB33D /* FeedController.swift */ = {isa = PBXFileReference; lastKnownFileType = sourcecode.swift; path = FeedController.swift; sourceTree = "<group>"; };
		4FAC129E25DC7C4600BAB33D /* SearchController.swift */ = {isa = PBXFileReference; lastKnownFileType = sourcecode.swift; path = SearchController.swift; sourceTree = "<group>"; };
		4FAC12A125DC7C5900BAB33D /* ImageUploadController.swift */ = {isa = PBXFileReference; lastKnownFileType = sourcecode.swift; path = ImageUploadController.swift; sourceTree = "<group>"; };
		4FAC12A425DC7C6C00BAB33D /* NotificationController.swift */ = {isa = PBXFileReference; lastKnownFileType = sourcecode.swift; path = NotificationController.swift; sourceTree = "<group>"; };
		4FAC12A725DC7C7D00BAB33D /* ProfileController.swift */ = {isa = PBXFileReference; lastKnownFileType = sourcecode.swift; path = ProfileController.swift; sourceTree = "<group>"; };
		4FAC12AA25DC8D5100BAB33D /* FeedCell.swift */ = {isa = PBXFileReference; lastKnownFileType = sourcecode.swift; path = FeedCell.swift; sourceTree = "<group>"; };
		4FAC12AD25DC8F1300BAB33D /* Extensions.swift */ = {isa = PBXFileReference; lastKnownFileType = sourcecode.swift; path = Extensions.swift; sourceTree = "<group>"; };
/* End PBXFileReference section */

/* Begin PBXFrameworksBuildPhase section */
		4FAC127525D98A6F00BAB33D /* Frameworks */ = {
			isa = PBXFrameworksBuildPhase;
			buildActionMask = 2147483647;
			files = (
			);
			runOnlyForDeploymentPostprocessing = 0;
		};
/* End PBXFrameworksBuildPhase section */

/* Begin PBXGroup section */
		4FAC126F25D98A6F00BAB33D = {
			isa = PBXGroup;
			children = (
				4FAC127A25D98A6F00BAB33D /* InstagramFirestoreApp */,
				4FAC127925D98A6F00BAB33D /* Products */,
			);
			sourceTree = "<group>";
		};
		4FAC127925D98A6F00BAB33D /* Products */ = {
			isa = PBXGroup;
			children = (
				4FAC127825D98A6F00BAB33D /* InstagramFirestoreApp.app */,
			);
			name = Products;
			sourceTree = "<group>";
		};
		4FAC127A25D98A6F00BAB33D /* InstagramFirestoreApp */ = {
			isa = PBXGroup;
			children = (
				4FAC129525D98B0900BAB33D /* Model */,
				4FAC129425D98B0600BAB33D /* View */,
				4FAC129325D98B0300BAB33D /* ViewModel */,
				4FAC129225D98AFF00BAB33D /* Controller */,
				4FAC129125D98AFC00BAB33D /* API */,
				4FAC129025D98AF800BAB33D /* Utils */,
				4FAC127B25D98A6F00BAB33D /* AppDelegate.swift */,
				4FAC127D25D98A6F00BAB33D /* SceneDelegate.swift */,
				4FAC127F25D98A6F00BAB33D /* ViewController.swift */,
				4FAC128125D98A6F00BAB33D /* Main.storyboard */,
				4FAC128425D98A7000BAB33D /* Assets.xcassets */,
				4FAC128625D98A7000BAB33D /* LaunchScreen.storyboard */,
				4FAC128925D98A7000BAB33D /* Info.plist */,
			);
			path = InstagramFirestoreApp;
			sourceTree = "<group>";
		};
		4FAC129025D98AF800BAB33D /* Utils */ = {
			isa = PBXGroup;
			children = (
				4FAC12AD25DC8F1300BAB33D /* Extensions.swift */,
			);
			path = Utils;
			sourceTree = "<group>";
		};
		4FAC129125D98AFC00BAB33D /* API */ = {
			isa = PBXGroup;
			children = (
			);
			path = API;
			sourceTree = "<group>";
		};
		4FAC129225D98AFF00BAB33D /* Controller */ = {
			isa = PBXGroup;
			children = (
				4FAC129825D98C7A00BAB33D /* MainTabController.swift */,
				4FAC129B25DC7C3400BAB33D /* FeedController.swift */,
				4FAC129E25DC7C4600BAB33D /* SearchController.swift */,
				4FAC12A125DC7C5900BAB33D /* ImageUploadController.swift */,
				4FAC12A425DC7C6C00BAB33D /* NotificationController.swift */,
				4FAC12A725DC7C7D00BAB33D /* ProfileController.swift */,
			);
			path = Controller;
			sourceTree = "<group>";
		};
		4FAC129325D98B0300BAB33D /* ViewModel */ = {
			isa = PBXGroup;
			children = (
			);
			path = ViewModel;
			sourceTree = "<group>";
		};
		4FAC129425D98B0600BAB33D /* View */ = {
			isa = PBXGroup;
			children = (
				4FAC12AA25DC8D5100BAB33D /* FeedCell.swift */,
			);
			path = View;
			sourceTree = "<group>";
		};
		4FAC129525D98B0900BAB33D /* Model */ = {
			isa = PBXGroup;
			children = (
			);
			path = Model;
			sourceTree = "<group>";
		};
/* End PBXGroup section */

/* Begin PBXNativeTarget section */
		4FAC127725D98A6F00BAB33D /* InstagramFirestoreApp */ = {
			isa = PBXNativeTarget;
			buildConfigurationList = 4FAC128C25D98A7000BAB33D /* Build configuration list for PBXNativeTarget "InstagramFirestoreApp" */;
			buildPhases = (
				4FAC127425D98A6F00BAB33D /* Sources */,
				4FAC127525D98A6F00BAB33D /* Frameworks */,
				4FAC127625D98A6F00BAB33D /* Resources */,
			);
			buildRules = (
			);
			dependencies = (
			);
			name = InstagramFirestoreApp;
			productName = InstagramFirestoreApp;
			productReference = 4FAC127825D98A6F00BAB33D /* InstagramFirestoreApp.app */;
			productType = "com.apple.product-type.application";
		};
/* End PBXNativeTarget section */

/* Begin PBXProject section */
		4FAC127025D98A6F00BAB33D /* Project object */ = {
			isa = PBXProject;
			attributes = {
				LastSwiftUpdateCheck = 1240;
				LastUpgradeCheck = 1240;
				TargetAttributes = {
					4FAC127725D98A6F00BAB33D = {
						CreatedOnToolsVersion = 12.4;
					};
				};
			};
			buildConfigurationList = 4FAC127325D98A6F00BAB33D /* Build configuration list for PBXProject "InstagramFirestoreApp" */;
			compatibilityVersion = "Xcode 9.3";
			developmentRegion = en;
			hasScannedForEncodings = 0;
			knownRegions = (
				en,
				Base,
			);
			mainGroup = 4FAC126F25D98A6F00BAB33D;
			productRefGroup = 4FAC127925D98A6F00BAB33D /* Products */;
			projectDirPath = "";
			projectRoot = "";
			targets = (
				4FAC127725D98A6F00BAB33D /* InstagramFirestoreApp */,
			);
		};
/* End PBXProject section */

/* Begin PBXResourcesBuildPhase section */
		4FAC127625D98A6F00BAB33D /* Resources */ = {
			isa = PBXResourcesBuildPhase;
			buildActionMask = 2147483647;
			files = (
				4FAC128825D98A7000BAB33D /* LaunchScreen.storyboard in Resources */,
				4FAC128525D98A7000BAB33D /* Assets.xcassets in Resources */,
				4FAC128325D98A6F00BAB33D /* Main.storyboard in Resources */,
			);
			runOnlyForDeploymentPostprocessing = 0;
		};
/* End PBXResourcesBuildPhase section */

/* Begin PBXSourcesBuildPhase section */
		4FAC127425D98A6F00BAB33D /* Sources */ = {
			isa = PBXSourcesBuildPhase;
			buildActionMask = 2147483647;
			files = (
				4FAC128025D98A6F00BAB33D /* ViewController.swift in Sources */,
				4FAC12AB25DC8D5100BAB33D /* FeedCell.swift in Sources */,
				4FAC129F25DC7C4600BAB33D /* SearchController.swift in Sources */,
				4FAC12A525DC7C6C00BAB33D /* NotificationController.swift in Sources */,
				4FAC127C25D98A6F00BAB33D /* AppDelegate.swift in Sources */,
				4FAC129C25DC7C3400BAB33D /* FeedController.swift in Sources */,
				4FAC12A825DC7C7D00BAB33D /* ProfileController.swift in Sources */,
				4FAC129925D98C7A00BAB33D /* MainTabController.swift in Sources */,
				4FAC12A225DC7C5900BAB33D /* ImageUploadController.swift in Sources */,
				4FAC12AE25DC8F1300BAB33D /* Extensions.swift in Sources */,
				4FAC127E25D98A6F00BAB33D /* SceneDelegate.swift in Sources */,
			);
			runOnlyForDeploymentPostprocessing = 0;
		};
/* End PBXSourcesBuildPhase section */

/* Begin PBXVariantGroup section */
		4FAC128125D98A6F00BAB33D /* Main.storyboard */ = {
			isa = PBXVariantGroup;
			children = (
				4FAC128225D98A6F00BAB33D /* Base */,
			);
			name = Main.storyboard;
			sourceTree = "<group>";
		};
		4FAC128625D98A7000BAB33D /* LaunchScreen.storyboard */ = {
			isa = PBXVariantGroup;
			children = (
				4FAC128725D98A7000BAB33D /* Base */,
			);
			name = LaunchScreen.storyboard;
			sourceTree = "<group>";
		};
/* End PBXVariantGroup section */

/* Begin XCBuildConfiguration section */
		4FAC128A25D98A7000BAB33D /* Debug */ = {
			isa = XCBuildConfiguration;
			buildSettings = {
				ALWAYS_SEARCH_USER_PATHS = NO;
				CLANG_ANALYZER_NONNULL = YES;
				CLANG_ANALYZER_NUMBER_OBJECT_CONVERSION = YES_AGGRESSIVE;
				CLANG_CXX_LANGUAGE_STANDARD = "gnu++14";
				CLANG_CXX_LIBRARY = "libc++";
				CLANG_ENABLE_MODULES = YES;
				CLANG_ENABLE_OBJC_ARC = YES;
				CLANG_ENABLE_OBJC_WEAK = YES;
				CLANG_WARN_BLOCK_CAPTURE_AUTORELEASING = YES;
				CLANG_WARN_BOOL_CONVERSION = YES;
				CLANG_WARN_COMMA = YES;
				CLANG_WARN_CONSTANT_CONVERSION = YES;
				CLANG_WARN_DEPRECATED_OBJC_IMPLEMENTATIONS = YES;
				CLANG_WARN_DIRECT_OBJC_ISA_USAGE = YES_ERROR;
				CLANG_WARN_DOCUMENTATION_COMMENTS = YES;
				CLANG_WARN_EMPTY_BODY = YES;
				CLANG_WARN_ENUM_CONVERSION = YES;
				CLANG_WARN_INFINITE_RECURSION = YES;
				CLANG_WARN_INT_CONVERSION = YES;
				CLANG_WARN_NON_LITERAL_NULL_CONVERSION = YES;
				CLANG_WARN_OBJC_IMPLICIT_RETAIN_SELF = YES;
				CLANG_WARN_OBJC_LITERAL_CONVERSION = YES;
				CLANG_WARN_OBJC_ROOT_CLASS = YES_ERROR;
				CLANG_WARN_QUOTED_INCLUDE_IN_FRAMEWORK_HEADER = YES;
				CLANG_WARN_RANGE_LOOP_ANALYSIS = YES;
				CLANG_WARN_STRICT_PROTOTYPES = YES;
				CLANG_WARN_SUSPICIOUS_MOVE = YES;
				CLANG_WARN_UNGUARDED_AVAILABILITY = YES_AGGRESSIVE;
				CLANG_WARN_UNREACHABLE_CODE = YES;
				CLANG_WARN__DUPLICATE_METHOD_MATCH = YES;
				COPY_PHASE_STRIP = NO;
				DEBUG_INFORMATION_FORMAT = dwarf;
				ENABLE_STRICT_OBJC_MSGSEND = YES;
				ENABLE_TESTABILITY = YES;
				GCC_C_LANGUAGE_STANDARD = gnu11;
				GCC_DYNAMIC_NO_PIC = NO;
				GCC_NO_COMMON_BLOCKS = YES;
				GCC_OPTIMIZATION_LEVEL = 0;
				GCC_PREPROCESSOR_DEFINITIONS = (
					"DEBUG=1",
					"$(inherited)",
				);
				GCC_WARN_64_TO_32_BIT_CONVERSION = YES;
				GCC_WARN_ABOUT_RETURN_TYPE = YES_ERROR;
				GCC_WARN_UNDECLARED_SELECTOR = YES;
				GCC_WARN_UNINITIALIZED_AUTOS = YES_AGGRESSIVE;
				GCC_WARN_UNUSED_FUNCTION = YES;
				GCC_WARN_UNUSED_VARIABLE = YES;
				IPHONEOS_DEPLOYMENT_TARGET = 14.4;
				MTL_ENABLE_DEBUG_INFO = INCLUDE_SOURCE;
				MTL_FAST_MATH = YES;
				ONLY_ACTIVE_ARCH = YES;
				SDKROOT = iphoneos;
				SWIFT_ACTIVE_COMPILATION_CONDITIONS = DEBUG;
				SWIFT_OPTIMIZATION_LEVEL = "-Onone";
			};
			name = Debug;
		};
		4FAC128B25D98A7000BAB33D /* Release */ = {
			isa = XCBuildConfiguration;
			buildSettings = {
				ALWAYS_SEARCH_USER_PATHS = NO;
				CLANG_ANALYZER_NONNULL = YES;
				CLANG_ANALYZER_NUMBER_OBJECT_CONVERSION = YES_AGGRESSIVE;
				CLANG_CXX_LANGUAGE_STANDARD = "gnu++14";
				CLANG_CXX_LIBRARY = "libc++";
				CLANG_ENABLE_MODULES = YES;
				CLANG_ENABLE_OBJC_ARC = YES;
				CLANG_ENABLE_OBJC_WEAK = YES;
				CLANG_WARN_BLOCK_CAPTURE_AUTORELEASING = YES;
				CLANG_WARN_BOOL_CONVERSION = YES;
				CLANG_WARN_COMMA = YES;
				CLANG_WARN_CONSTANT_CONVERSION = YES;
				CLANG_WARN_DEPRECATED_OBJC_IMPLEMENTATIONS = YES;
				CLANG_WARN_DIRECT_OBJC_ISA_USAGE = YES_ERROR;
				CLANG_WARN_DOCUMENTATION_COMMENTS = YES;
				CLANG_WARN_EMPTY_BODY = YES;
				CLANG_WARN_ENUM_CONVERSION = YES;
				CLANG_WARN_INFINITE_RECURSION = YES;
				CLANG_WARN_INT_CONVERSION = YES;
				CLANG_WARN_NON_LITERAL_NULL_CONVERSION = YES;
				CLANG_WARN_OBJC_IMPLICIT_RETAIN_SELF = YES;
				CLANG_WARN_OBJC_LITERAL_CONVERSION = YES;
				CLANG_WARN_OBJC_ROOT_CLASS = YES_ERROR;
				CLANG_WARN_QUOTED_INCLUDE_IN_FRAMEWORK_HEADER = YES;
				CLANG_WARN_RANGE_LOOP_ANALYSIS = YES;
				CLANG_WARN_STRICT_PROTOTYPES = YES;
				CLANG_WARN_SUSPICIOUS_MOVE = YES;
				CLANG_WARN_UNGUARDED_AVAILABILITY = YES_AGGRESSIVE;
				CLANG_WARN_UNREACHABLE_CODE = YES;
				CLANG_WARN__DUPLICATE_METHOD_MATCH = YES;
				COPY_PHASE_STRIP = NO;
				DEBUG_INFORMATION_FORMAT = "dwarf-with-dsym";
				ENABLE_NS_ASSERTIONS = NO;
				ENABLE_STRICT_OBJC_MSGSEND = YES;
				GCC_C_LANGUAGE_STANDARD = gnu11;
				GCC_NO_COMMON_BLOCKS = YES;
				GCC_WARN_64_TO_32_BIT_CONVERSION = YES;
				GCC_WARN_ABOUT_RETURN_TYPE = YES_ERROR;
				GCC_WARN_UNDECLARED_SELECTOR = YES;
				GCC_WARN_UNINITIALIZED_AUTOS = YES_AGGRESSIVE;
				GCC_WARN_UNUSED_FUNCTION = YES;
				GCC_WARN_UNUSED_VARIABLE = YES;
				IPHONEOS_DEPLOYMENT_TARGET = 14.4;
				MTL_ENABLE_DEBUG_INFO = NO;
				MTL_FAST_MATH = YES;
				SDKROOT = iphoneos;
				SWIFT_COMPILATION_MODE = wholemodule;
				SWIFT_OPTIMIZATION_LEVEL = "-O";
				VALIDATE_PRODUCT = YES;
			};
			name = Release;
		};
		4FAC128D25D98A7000BAB33D /* Debug */ = {
			isa = XCBuildConfiguration;
			buildSettings = {
				ASSETCATALOG_COMPILER_APPICON_NAME = AppIcon;
				ASSETCATALOG_COMPILER_GLOBAL_ACCENT_COLOR_NAME = AccentColor;
				CODE_SIGN_STYLE = Automatic;
				INFOPLIST_FILE = InstagramFirestoreApp/Info.plist;
				LD_RUNPATH_SEARCH_PATHS = (
					"$(inherited)",
					"@executable_path/Frameworks",
				);
				PRODUCT_BUNDLE_IDENTIFIER = com.owoez.InstagramFirestoreApp;
				PRODUCT_NAME = "$(TARGET_NAME)";
				SWIFT_VERSION = 5.0;
				TARGETED_DEVICE_FAMILY = "1,2";
			};
			name = Debug;
		};
		4FAC128E25D98A7000BAB33D /* Release */ = {
			isa = XCBuildConfiguration;
			buildSettings = {
				ASSETCATALOG_COMPILER_APPICON_NAME = AppIcon;
				ASSETCATALOG_COMPILER_GLOBAL_ACCENT_COLOR_NAME = AccentColor;
				CODE_SIGN_STYLE = Automatic;
				INFOPLIST_FILE = InstagramFirestoreApp/Info.plist;
				LD_RUNPATH_SEARCH_PATHS = (
					"$(inherited)",
					"@executable_path/Frameworks",
				);
				PRODUCT_BUNDLE_IDENTIFIER = com.owoez.InstagramFirestoreApp;
				PRODUCT_NAME = "$(TARGET_NAME)";
				SWIFT_VERSION = 5.0;
				TARGETED_DEVICE_FAMILY = "1,2";
			};
			name = Release;
		};
/* End XCBuildConfiguration section */

/* Begin XCConfigurationList section */
		4FAC127325D98A6F00BAB33D /* Build configuration list for PBXProject "InstagramFirestoreApp" */ = {
			isa = XCConfigurationList;
			buildConfigurations = (
				4FAC128A25D98A7000BAB33D /* Debug */,
				4FAC128B25D98A7000BAB33D /* Release */,
			);
			defaultConfigurationIsVisible = 0;
			defaultConfigurationName = Release;
		};
		4FAC128C25D98A7000BAB33D /* Build configuration list for PBXNativeTarget "InstagramFirestoreApp" */ = {
			isa = XCConfigurationList;
			buildConfigurations = (
				4FAC128D25D98A7000BAB33D /* Debug */,
				4FAC128E25D98A7000BAB33D /* Release */,
			);
			defaultConfigurationIsVisible = 0;
			defaultConfigurationName = Release;
		};
/* End XCConfigurationList section */
	};
	rootObject = 4FAC127025D98A6F00BAB33D /* Project object */;
}
